
Microsoft Visual Studio Solution File, Format Version 12.00
# Visual Studio Version 17
VisualStudioVersion = 17.11.35222.181
MinimumVisualStudioVersion = 10.0.40219.1
Project("{9A19103F-16F7-4668-BE54-9A1E7A4F7556}") = "SittyCia", "SittyCia\SittyCia.csproj", "{8DEDD783-710A-4968-8FC9-0BC9F2633D41}"
EndProject
Project("{FAE04EC0-301F-11D3-BF4B-00C04F79EFBC}") = "SittyCia.Core", "SittyCia.core\SittyCia.Core.csproj", "{6A8AF714-0FB9-4053-B18E-27A20849004F}"
EndProject
Project("{FAE04EC0-301F-11D3-BF4B-00C04F79EFBC}") = "SittyCia.Services", "SittyCia.Services\SittyCia.Services.csproj", "{47EFF26B-B486-4026-A8DA-92D19FFBC758}"
EndProject
Project("{FAE04EC0-301F-11D3-BF4B-00C04F79EFBC}") = "SittyCia.Data", "SittyCia.Data\SittyCia.Data.csproj", "{D970BF01-ABE9-4495-8A84-AA2F222221F3}"
EndProject
Global
	GlobalSection(SolutionConfigurationPlatforms) = preSolution
		Debug|Any CPU = Debug|Any CPU
		Release|Any CPU = Release|Any CPU
	EndGlobalSection
	GlobalSection(ProjectConfigurationPlatforms) = postSolution
		{8DEDD783-710A-4968-8FC9-0BC9F2633D41}.Debug|Any CPU.ActiveCfg = Debug|Any CPU
		{8DEDD783-710A-4968-8FC9-0BC9F2633D41}.Debug|Any CPU.Build.0 = Debug|Any CPU
		{8DEDD783-710A-4968-8FC9-0BC9F2633D41}.Release|Any CPU.ActiveCfg = Release|Any CPU
		{8DEDD783-710A-4968-8FC9-0BC9F2633D41}.Release|Any CPU.Build.0 = Release|Any CPU
		{6A8AF714-0FB9-4053-B18E-27A20849004F}.Debug|Any CPU.ActiveCfg = Debug|Any CPU
		{6A8AF714-0FB9-4053-B18E-27A20849004F}.Debug|Any CPU.Build.0 = Debug|Any CPU
		{6A8AF714-0FB9-4053-B18E-27A20849004F}.Release|Any CPU.ActiveCfg = Release|Any CPU
		{6A8AF714-0FB9-4053-B18E-27A20849004F}.Release|Any CPU.Build.0 = Release|Any CPU
		{47EFF26B-B486-4026-A8DA-92D19FFBC758}.Debug|Any CPU.ActiveCfg = Debug|Any CPU
		{47EFF26B-B486-4026-A8DA-92D19FFBC758}.Debug|Any CPU.Build.0 = Debug|Any CPU
		{47EFF26B-B486-4026-A8DA-92D19FFBC758}.Release|Any CPU.ActiveCfg = Release|Any CPU
		{47EFF26B-B486-4026-A8DA-92D19FFBC758}.Release|Any CPU.Build.0 = Release|Any CPU
		{D970BF01-ABE9-4495-8A84-AA2F222221F3}.Debug|Any CPU.ActiveCfg = Debug|Any CPU
		{D970BF01-ABE9-4495-8A84-AA2F222221F3}.Debug|Any CPU.Build.0 = Debug|Any CPU
		{D970BF01-ABE9-4495-8A84-AA2F222221F3}.Release|Any CPU.ActiveCfg = Release|Any CPU
		{D970BF01-ABE9-4495-8A84-AA2F222221F3}.Release|Any CPU.Build.0 = Release|Any CPU
	EndGlobalSection
	GlobalSection(SolutionProperties) = preSolution
		HideSolutionNode = FALSE
	EndGlobalSection
	GlobalSection(ExtensibilityGlobals) = postSolution
		SolutionGuid = {23AF1994-81CB-4300-AE82-E1D478BE35ED}
	EndGlobalSection
EndGlobal
