
Microsoft Visual Studio Solution File, Format Version 12.00
# Visual Studio Version 17
VisualStudioVersion = 17.11.35222.181
MinimumVisualStudioVersion = 10.0.40219.1
Project("{FAE04EC0-301F-11D3-BF4B-00C04F79EFBC}") = "SittyCia", "SittyCia\SittyCia.csproj", "{8DEDD783-710A-4968-8FC9-0BC9F2633D41}"
EndProject
Global
	GlobalSection(SolutionConfigurationPlatforms) = preSolution
		Debug|Any CPU = Debug|Any CPU
		Release|Any CPU = Release|Any CPU
	EndGlobalSection
	GlobalSection(ProjectConfigurationPlatforms) = postSolution
		{8DEDD783-710A-4968-8FC9-0BC9F2633D41}.Debug|Any CPU.ActiveCfg = Debug|Any CPU
		{8DEDD783-710A-4968-8FC9-0BC9F2633D41}.Debug|Any CPU.Build.0 = Debug|Any CPU
		{8DEDD783-710A-4968-8FC9-0BC9F2633D41}.Release|Any CPU.ActiveCfg = Release|Any CPU
		{8DEDD783-710A-4968-8FC9-0BC9F2633D41}.Release|Any CPU.Build.0 = Release|Any CPU
	EndGlobalSection
	GlobalSection(SolutionProperties) = preSolution
		HideSolutionNode = FALSE
	EndGlobalSection
	GlobalSection(ExtensibilityGlobals) = postSolution
		SolutionGuid = {23AF1994-81CB-4300-AE82-E1D478BE35ED}
	EndGlobalSection
EndGlobal
